
Microsoft Visual Studio Solution File, Format Version 12.00
# Visual Studio Version 16
VisualStudioVersion = 16.0.29920.165
MinimumVisualStudioVersion = 10.0.40219.1
Project("{8BC9CEB8-8B4A-11D0-8D11-00A0C91BC942}") = "Projeto_Lab_2_Semestre", "Projeto_Lab_2_Semestre.vcxproj", "{7D204E96-E10E-48D6-8F56-A97D655F70AD}"
EndProject
Global
	GlobalSection(SolutionConfigurationPlatforms) = preSolution
		Debug|x64 = Debug|x64
		Debug|x86 = Debug|x86
		Release|x64 = Release|x64
		Release|x86 = Release|x86
	EndGlobalSection
	GlobalSection(ProjectConfigurationPlatforms) = postSolution
		{7D204E96-E10E-48D6-8F56-A97D655F70AD}.Debug|x64.ActiveCfg = Debug|x64
		{7D204E96-E10E-48D6-8F56-A97D655F70AD}.Debug|x64.Build.0 = Debug|x64
		{7D204E96-E10E-48D6-8F56-A97D655F70AD}.Debug|x86.ActiveCfg = Debug|Win32
		{7D204E96-E10E-48D6-8F56-A97D655F70AD}.Debug|x86.Build.0 = Debug|Win32
		{7D204E96-E10E-48D6-8F56-A97D655F70AD}.Release|x64.ActiveCfg = Release|x64
		{7D204E96-E10E-48D6-8F56-A97D655F70AD}.Release|x64.Build.0 = Release|x64
		{7D204E96-E10E-48D6-8F56-A97D655F70AD}.Release|x86.ActiveCfg = Release|Win32
		{7D204E96-E10E-48D6-8F56-A97D655F70AD}.Release|x86.Build.0 = Release|Win32
	EndGlobalSection
	GlobalSection(SolutionProperties) = preSolution
		HideSolutionNode = FALSE
	EndGlobalSection
	GlobalSection(ExtensibilityGlobals) = postSolution
		SolutionGuid = {CC833A3E-123D-43CF-AF19-2F0927FA93BE}
	EndGlobalSection
EndGlobal
